
Microsoft Visual Studio Solution File, Format Version 12.00
# Visual Studio Version 17
VisualStudioVersion = 17.14.37012.4
MinimumVisualStudioVersion = 10.0.40219.1
Project("{FAE04EC0-301F-11D3-BF4B-00C04F79EFBC}") = "Omnium.UI", "Omnium.UI.csproj", "{338B3BF4-5E5D-444F-C3A0-24FDB7396E4C}"
EndProject
Global
	GlobalSection(SolutionConfigurationPlatforms) = preSolution
		Debug|Any CPU = Debug|Any CPU
		Release|Any CPU = Release|Any CPU
	EndGlobalSection
	GlobalSection(ProjectConfigurationPlatforms) = postSolution
		{338B3BF4-5E5D-444F-C3A0-24FDB7396E4C}.Debug|Any CPU.ActiveCfg = Debug|Any CPU
		{338B3BF4-5E5D-444F-C3A0-24FDB7396E4C}.Debug|Any CPU.Build.0 = Debug|Any CPU
		{338B3BF4-5E5D-444F-C3A0-24FDB7396E4C}.Release|Any CPU.ActiveCfg = Release|Any CPU
		{338B3BF4-5E5D-444F-C3A0-24FDB7396E4C}.Release|Any CPU.Build.0 = Release|Any CPU
	EndGlobalSection
	GlobalSection(SolutionProperties) = preSolution
		HideSolutionNode = FALSE
	EndGlobalSection
	GlobalSection(ExtensibilityGlobals) = postSolution
		SolutionGuid = {CB9CE6F0-02B3-4B8F-AC3D-E24609B4F4A1}
	EndGlobalSection
EndGlobal
